// !$*UTF8*$!
{
	archiveVersion = 1;
	classes = {
	};
	objectVersion = 50;
	objects = {

/* Begin PBXBuildFile section */
		202DFADF214873C6003E4652 /* AppDelegate.m in Sources */ = {isa = PBXBuildFile; fileRef = 202DFADE214873C6003E4652 /* AppDelegate.m */; };
		202DFAE2214873C6003E4652 /* ViewControllerA.m in Sources */ = {isa = PBXBuildFile; fileRef = 202DFAE1214873C6003E4652 /* ViewControllerA.m */; };
		202DFAE5214873C6003E4652 /* Main.storyboard in Resources */ = {isa = PBXBuildFile; fileRef = 202DFAE3214873C6003E4652 /* Main.storyboard */; };
		202DFAE8214873C6003E4652 /* assignment_2.xcdatamodeld in Sources */ = {isa = PBXBuildFile; fileRef = 202DFAE6214873C6003E4652 /* assignment_2.xcdatamodeld */; };
		202DFAEA214873C7003E4652 /* Assets.xcassets in Resources */ = {isa = PBXBuildFile; fileRef = 202DFAE9214873C7003E4652 /* Assets.xcassets */; };
		202DFAED214873C7003E4652 /* LaunchScreen.storyboard in Resources */ = {isa = PBXBuildFile; fileRef = 202DFAEB214873C7003E4652 /* LaunchScreen.storyboard */; };
		202DFAF0214873C7003E4652 /* main.m in Sources */ = {isa = PBXBuildFile; fileRef = 202DFAEF214873C7003E4652 /* main.m */; };
		658BC7E421556B620047D5E3 /* Novocaine.m in Sources */ = {isa = PBXBuildFile; fileRef = 658BC7DE21556B610047D5E3 /* Novocaine.m */; };
		658BC7E521556B620047D5E3 /* CircularBuffer.m in Sources */ = {isa = PBXBuildFile; fileRef = 658BC7E021556B610047D5E3 /* CircularBuffer.m */; };
		658BC7E621556B620047D5E3 /* SMUGraphHelper.m in Sources */ = {isa = PBXBuildFile; fileRef = 658BC7E221556B620047D5E3 /* SMUGraphHelper.m */; };
		658BC7E721556B620047D5E3 /* FFTHelper.m in Sources */ = {isa = PBXBuildFile; fileRef = 658BC7E321556B620047D5E3 /* FFTHelper.m */; };
		658BC7EA21556D460047D5E3 /* ViewControllerB.m in Sources */ = {isa = PBXBuildFile; fileRef = 658BC7E821556D460047D5E3 /* ViewControllerB.m */; };
		65EA479521487CDA00334F05 /* TableViewController.m in Sources */ = {isa = PBXBuildFile; fileRef = 65EA479421487CDA00334F05 /* TableViewController.m */; };
/* End PBXBuildFile section */

/* Begin PBXFileReference section */
		202DFADA214873C6003E4652 /* assignment-2.app */ = {isa = PBXFileReference; explicitFileType = wrapper.application; includeInIndex = 0; path = "assignment-2.app"; sourceTree = BUILT_PRODUCTS_DIR; };
		202DFADD214873C6003E4652 /* AppDelegate.h */ = {isa = PBXFileReference; lastKnownFileType = sourcecode.c.h; path = AppDelegate.h; sourceTree = "<group>"; };
		202DFADE214873C6003E4652 /* AppDelegate.m */ = {isa = PBXFileReference; lastKnownFileType = sourcecode.c.objc; path = AppDelegate.m; sourceTree = "<group>"; };
		202DFAE0214873C6003E4652 /* ViewControllerA.h */ = {isa = PBXFileReference; lastKnownFileType = sourcecode.c.h; path = ViewControllerA.h; sourceTree = "<group>"; };
		202DFAE1214873C6003E4652 /* ViewControllerA.m */ = {isa = PBXFileReference; lastKnownFileType = sourcecode.c.objc; path = ViewControllerA.m; sourceTree = "<group>"; };
		202DFAE4214873C6003E4652 /* Base */ = {isa = PBXFileReference; lastKnownFileType = file.storyboard; name = Base; path = Base.lproj/Main.storyboard; sourceTree = "<group>"; };
		202DFAE7214873C6003E4652 /* assignment_2.xcdatamodel */ = {isa = PBXFileReference; lastKnownFileType = wrapper.xcdatamodel; path = assignment_2.xcdatamodel; sourceTree = "<group>"; };
		202DFAE9214873C7003E4652 /* Assets.xcassets */ = {isa = PBXFileReference; lastKnownFileType = folder.assetcatalog; path = Assets.xcassets; sourceTree = "<group>"; };
		202DFAEC214873C7003E4652 /* Base */ = {isa = PBXFileReference; lastKnownFileType = file.storyboard; name = Base; path = Base.lproj/LaunchScreen.storyboard; sourceTree = "<group>"; };
		202DFAEE214873C7003E4652 /* Info.plist */ = {isa = PBXFileReference; lastKnownFileType = text.plist.xml; path = Info.plist; sourceTree = "<group>"; };
		202DFAEF214873C7003E4652 /* main.m */ = {isa = PBXFileReference; lastKnownFileType = sourcecode.c.objc; path = main.m; sourceTree = "<group>"; };
		658BC7DC21556B610047D5E3 /* CircularBuffer.h */ = {isa = PBXFileReference; fileEncoding = 4; lastKnownFileType = sourcecode.c.h; path = CircularBuffer.h; sourceTree = "<group>"; };
		658BC7DD21556B610047D5E3 /* SMUGraphHelper.h */ = {isa = PBXFileReference; fileEncoding = 4; lastKnownFileType = sourcecode.c.h; path = SMUGraphHelper.h; sourceTree = "<group>"; };
		658BC7DE21556B610047D5E3 /* Novocaine.m */ = {isa = PBXFileReference; fileEncoding = 4; lastKnownFileType = sourcecode.c.objc; path = Novocaine.m; sourceTree = "<group>"; };
		658BC7DF21556B610047D5E3 /* Novocaine.h */ = {isa = PBXFileReference; fileEncoding = 4; lastKnownFileType = sourcecode.c.h; path = Novocaine.h; sourceTree = "<group>"; };
		658BC7E021556B610047D5E3 /* CircularBuffer.m */ = {isa = PBXFileReference; fileEncoding = 4; lastKnownFileType = sourcecode.c.objc; path = CircularBuffer.m; sourceTree = "<group>"; };
		658BC7E121556B610047D5E3 /* FFTHelper.h */ = {isa = PBXFileReference; fileEncoding = 4; lastKnownFileType = sourcecode.c.h; path = FFTHelper.h; sourceTree = "<group>"; };
		658BC7E221556B620047D5E3 /* SMUGraphHelper.m */ = {isa = PBXFileReference; fileEncoding = 4; lastKnownFileType = sourcecode.c.objc; path = SMUGraphHelper.m; sourceTree = "<group>"; };
		658BC7E321556B620047D5E3 /* FFTHelper.m */ = {isa = PBXFileReference; fileEncoding = 4; lastKnownFileType = sourcecode.c.objc; path = FFTHelper.m; sourceTree = "<group>"; };
		658BC7E821556D460047D5E3 /* ViewControllerB.m */ = {isa = PBXFileReference; fileEncoding = 4; lastKnownFileType = sourcecode.c.objc; path = ViewControllerB.m; sourceTree = "<group>"; };
		658BC7E921556D460047D5E3 /* ViewControllerB.h */ = {isa = PBXFileReference; fileEncoding = 4; lastKnownFileType = sourcecode.c.h; path = ViewControllerB.h; sourceTree = "<group>"; };
		65EA479321487CDA00334F05 /* TableViewController.h */ = {isa = PBXFileReference; lastKnownFileType = sourcecode.c.h; path = TableViewController.h; sourceTree = "<group>"; };
		65EA479421487CDA00334F05 /* TableViewController.m */ = {isa = PBXFileReference; lastKnownFileType = sourcecode.c.objc; path = TableViewController.m; sourceTree = "<group>"; };
/* End PBXFileReference section */

/* Begin PBXFrameworksBuildPhase section */
		202DFAD7214873C6003E4652 /* Frameworks */ = {
			isa = PBXFrameworksBuildPhase;
			buildActionMask = 2147483647;
			files = (
			);
			runOnlyForDeploymentPostprocessing = 0;
		};
/* End PBXFrameworksBuildPhase section */

/* Begin PBXGroup section */
		202DFAD1214873C5003E4652 = {
			isa = PBXGroup;
			children = (
				202DFADC214873C6003E4652 /* assignment-2 */,
				202DFADB214873C6003E4652 /* Products */,
			);
			sourceTree = "<group>";
		};
		202DFADB214873C6003E4652 /* Products */ = {
			isa = PBXGroup;
			children = (
				202DFADA214873C6003E4652 /* assignment-2.app */,
			);
			name = Products;
			sourceTree = "<group>";
		};
		202DFADC214873C6003E4652 /* assignment-2 */ = {
			isa = PBXGroup;
			children = (
				658BC7DD21556B610047D5E3 /* SMUGraphHelper.h */,
				658BC7E221556B620047D5E3 /* SMUGraphHelper.m */,
				658BC7DC21556B610047D5E3 /* CircularBuffer.h */,
				658BC7E021556B610047D5E3 /* CircularBuffer.m */,
				658BC7E121556B610047D5E3 /* FFTHelper.h */,
				658BC7E321556B620047D5E3 /* FFTHelper.m */,
				658BC7DF21556B610047D5E3 /* Novocaine.h */,
				658BC7DE21556B610047D5E3 /* Novocaine.m */,
				202DFADD214873C6003E4652 /* AppDelegate.h */,
				202DFADE214873C6003E4652 /* AppDelegate.m */,
				202DFAE0214873C6003E4652 /* ViewControllerA.h */,
				202DFAE1214873C6003E4652 /* ViewControllerA.m */,
				202DFAE3214873C6003E4652 /* Main.storyboard */,
				658BC7E921556D460047D5E3 /* ViewControllerB.h */,
				658BC7E821556D460047D5E3 /* ViewControllerB.m */,
				65EA479321487CDA00334F05 /* TableViewController.h */,
				65EA479421487CDA00334F05 /* TableViewController.m */,
				202DFAE9214873C7003E4652 /* Assets.xcassets */,
				202DFAEB214873C7003E4652 /* LaunchScreen.storyboard */,
				202DFAEE214873C7003E4652 /* Info.plist */,
				202DFAEF214873C7003E4652 /* main.m */,
				202DFAE6214873C6003E4652 /* assignment_2.xcdatamodeld */,
			);
			path = "assignment-2";
			sourceTree = "<group>";
		};
/* End PBXGroup section */

/* Begin PBXNativeTarget section */
		202DFAD9214873C6003E4652 /* assignment-2 */ = {
			isa = PBXNativeTarget;
			buildConfigurationList = 202DFAF3214873C7003E4652 /* Build configuration list for PBXNativeTarget "assignment-2" */;
			buildPhases = (
				202DFAD6214873C6003E4652 /* Sources */,
				202DFAD7214873C6003E4652 /* Frameworks */,
				202DFAD8214873C6003E4652 /* Resources */,
			);
			buildRules = (
			);
			dependencies = (
			);
			name = "assignment-2";
			productName = "assignment-2";
			productReference = 202DFADA214873C6003E4652 /* assignment-2.app */;
			productType = "com.apple.product-type.application";
		};
/* End PBXNativeTarget section */

/* Begin PBXProject section */
		202DFAD2214873C5003E4652 /* Project object */ = {
			isa = PBXProject;
			attributes = {
				LastUpgradeCheck = 0940;
				ORGANIZATIONNAME = MobileSensingLearning;
				TargetAttributes = {
					202DFAD9214873C6003E4652 = {
						CreatedOnToolsVersion = 9.4.1;
					};
				};
			};
			buildConfigurationList = 202DFAD5214873C6003E4652 /* Build configuration list for PBXProject "assignment-2" */;
			compatibilityVersion = "Xcode 9.3";
			developmentRegion = en;
			hasScannedForEncodings = 0;
			knownRegions = (
				en,
				Base,
			);
			mainGroup = 202DFAD1214873C5003E4652;
			productRefGroup = 202DFADB214873C6003E4652 /* Products */;
			projectDirPath = "";
			projectRoot = "";
			targets = (
				202DFAD9214873C6003E4652 /* assignment-2 */,
			);
		};
/* End PBXProject section */

/* Begin PBXResourcesBuildPhase section */
		202DFAD8214873C6003E4652 /* Resources */ = {
			isa = PBXResourcesBuildPhase;
			buildActionMask = 2147483647;
			files = (
				202DFAED214873C7003E4652 /* LaunchScreen.storyboard in Resources */,
				202DFAEA214873C7003E4652 /* Assets.xcassets in Resources */,
				202DFAE5214873C6003E4652 /* Main.storyboard in Resources */,
			);
			runOnlyForDeploymentPostprocessing = 0;
		};
/* End PBXResourcesBuildPhase section */

/* Begin PBXSourcesBuildPhase section */
		202DFAD6214873C6003E4652 /* Sources */ = {
			isa = PBXSourcesBuildPhase;
			buildActionMask = 2147483647;
			files = (
				658BC7E621556B620047D5E3 /* SMUGraphHelper.m in Sources */,
				202DFAE2214873C6003E4652 /* ViewControllerA.m in Sources */,
				202DFADF214873C6003E4652 /* AppDelegate.m in Sources */,
				658BC7E521556B620047D5E3 /* CircularBuffer.m in Sources */,
				202DFAF0214873C7003E4652 /* main.m in Sources */,
				658BC7EA21556D460047D5E3 /* ViewControllerB.m in Sources */,
				658BC7E421556B620047D5E3 /* Novocaine.m in Sources */,
				65EA479521487CDA00334F05 /* TableViewController.m in Sources */,
				202DFAE8214873C6003E4652 /* assignment_2.xcdatamodeld in Sources */,
				658BC7E721556B620047D5E3 /* FFTHelper.m in Sources */,
			);
			runOnlyForDeploymentPostprocessing = 0;
		};
/* End PBXSourcesBuildPhase section */

/* Begin PBXVariantGroup section */
		202DFAE3214873C6003E4652 /* Main.storyboard */ = {
			isa = PBXVariantGroup;
			children = (
				202DFAE4214873C6003E4652 /* Base */,
			);
			name = Main.storyboard;
			sourceTree = "<group>";
		};
		202DFAEB214873C7003E4652 /* LaunchScreen.storyboard */ = {
			isa = PBXVariantGroup;
			children = (
				202DFAEC214873C7003E4652 /* Base */,
			);
			name = LaunchScreen.storyboard;
			sourceTree = "<group>";
		};
/* End PBXVariantGroup section */

/* Begin XCBuildConfiguration section */
		202DFAF1214873C7003E4652 /* Debug */ = {
			isa = XCBuildConfiguration;
			buildSettings = {
				ALWAYS_SEARCH_USER_PATHS = NO;
				CLANG_ANALYZER_NONNULL = YES;
				CLANG_ANALYZER_NUMBER_OBJECT_CONVERSION = YES_AGGRESSIVE;
				CLANG_CXX_LANGUAGE_STANDARD = "gnu++14";
				CLANG_CXX_LIBRARY = "libc++";
				CLANG_ENABLE_MODULES = YES;
				CLANG_ENABLE_OBJC_ARC = YES;
				CLANG_ENABLE_OBJC_WEAK = YES;
				CLANG_WARN_BLOCK_CAPTURE_AUTORELEASING = YES;
				CLANG_WARN_BOOL_CONVERSION = YES;
				CLANG_WARN_COMMA = YES;
				CLANG_WARN_CONSTANT_CONVERSION = YES;
				CLANG_WARN_DEPRECATED_OBJC_IMPLEMENTATIONS = YES;
				CLANG_WARN_DIRECT_OBJC_ISA_USAGE = YES_ERROR;
				CLANG_WARN_DOCUMENTATION_COMMENTS = YES;
				CLANG_WARN_EMPTY_BODY = YES;
				CLANG_WARN_ENUM_CONVERSION = YES;
				CLANG_WARN_INFINITE_RECURSION = YES;
				CLANG_WARN_INT_CONVERSION = YES;
				CLANG_WARN_NON_LITERAL_NULL_CONVERSION = YES;
				CLANG_WARN_OBJC_IMPLICIT_RETAIN_SELF = YES;
				CLANG_WARN_OBJC_LITERAL_CONVERSION = YES;
				CLANG_WARN_OBJC_ROOT_CLASS = YES_ERROR;
				CLANG_WARN_RANGE_LOOP_ANALYSIS = YES;
				CLANG_WARN_STRICT_PROTOTYPES = YES;
				CLANG_WARN_SUSPICIOUS_MOVE = YES;
				CLANG_WARN_UNGUARDED_AVAILABILITY = YES_AGGRESSIVE;
				CLANG_WARN_UNREACHABLE_CODE = YES;
				CLANG_WARN__DUPLICATE_METHOD_MATCH = YES;
				CODE_SIGN_IDENTITY = "iPhone Developer";
				COPY_PHASE_STRIP = NO;
				DEBUG_INFORMATION_FORMAT = dwarf;
				ENABLE_STRICT_OBJC_MSGSEND = YES;
				ENABLE_TESTABILITY = YES;
				GCC_C_LANGUAGE_STANDARD = gnu11;
				GCC_DYNAMIC_NO_PIC = NO;
				GCC_NO_COMMON_BLOCKS = YES;
				GCC_OPTIMIZATION_LEVEL = 0;
				GCC_PREPROCESSOR_DEFINITIONS = (
					"DEBUG=1",
					"$(inherited)",
				);
				GCC_WARN_64_TO_32_BIT_CONVERSION = YES;
				GCC_WARN_ABOUT_RETURN_TYPE = YES_ERROR;
				GCC_WARN_UNDECLARED_SELECTOR = YES;
				GCC_WARN_UNINITIALIZED_AUTOS = YES_AGGRESSIVE;
				GCC_WARN_UNUSED_FUNCTION = YES;
				GCC_WARN_UNUSED_VARIABLE = YES;
				IPHONEOS_DEPLOYMENT_TARGET = 11.4;
				MTL_ENABLE_DEBUG_INFO = YES;
				ONLY_ACTIVE_ARCH = YES;
				SDKROOT = iphoneos;
			};
			name = Debug;
		};
		202DFAF2214873C7003E4652 /* Release */ = {
			isa = XCBuildConfiguration;
			buildSettings = {
				ALWAYS_SEARCH_USER_PATHS = NO;
				CLANG_ANALYZER_NONNULL = YES;
				CLANG_ANALYZER_NUMBER_OBJECT_CONVERSION = YES_AGGRESSIVE;
				CLANG_CXX_LANGUAGE_STANDARD = "gnu++14";
				CLANG_CXX_LIBRARY = "libc++";
				CLANG_ENABLE_MODULES = YES;
				CLANG_ENABLE_OBJC_ARC = YES;
				CLANG_ENABLE_OBJC_WEAK = YES;
				CLANG_WARN_BLOCK_CAPTURE_AUTORELEASING = YES;
				CLANG_WARN_BOOL_CONVERSION = YES;
				CLANG_WARN_COMMA = YES;
				CLANG_WARN_CONSTANT_CONVERSION = YES;
				CLANG_WARN_DEPRECATED_OBJC_IMPLEMENTATIONS = YES;
				CLANG_WARN_DIRECT_OBJC_ISA_USAGE = YES_ERROR;
				CLANG_WARN_DOCUMENTATION_COMMENTS = YES;
				CLANG_WARN_EMPTY_BODY = YES;
				CLANG_WARN_ENUM_CONVERSION = YES;
				CLANG_WARN_INFINITE_RECURSION = YES;
				CLANG_WARN_INT_CONVERSION = YES;
				CLANG_WARN_NON_LITERAL_NULL_CONVERSION = YES;
				CLANG_WARN_OBJC_IMPLICIT_RETAIN_SELF = YES;
				CLANG_WARN_OBJC_LITERAL_CONVERSION = YES;
				CLANG_WARN_OBJC_ROOT_CLASS = YES_ERROR;
				CLANG_WARN_RANGE_LOOP_ANALYSIS = YES;
				CLANG_WARN_STRICT_PROTOTYPES = YES;
				CLANG_WARN_SUSPICIOUS_MOVE = YES;
				CLANG_WARN_UNGUARDED_AVAILABILITY = YES_AGGRESSIVE;
				CLANG_WARN_UNREACHABLE_CODE = YES;
				CLANG_WARN__DUPLICATE_METHOD_MATCH = YES;
				CODE_SIGN_IDENTITY = "iPhone Developer";
				COPY_PHASE_STRIP = NO;
				DEBUG_INFORMATION_FORMAT = "dwarf-with-dsym";
				ENABLE_NS_ASSERTIONS = NO;
				ENABLE_STRICT_OBJC_MSGSEND = YES;
				GCC_C_LANGUAGE_STANDARD = gnu11;
				GCC_NO_COMMON_BLOCKS = YES;
				GCC_WARN_64_TO_32_BIT_CONVERSION = YES;
				GCC_WARN_ABOUT_RETURN_TYPE = YES_ERROR;
				GCC_WARN_UNDECLARED_SELECTOR = YES;
				GCC_WARN_UNINITIALIZED_AUTOS = YES_AGGRESSIVE;
				GCC_WARN_UNUSED_FUNCTION = YES;
				GCC_WARN_UNUSED_VARIABLE = YES;
				IPHONEOS_DEPLOYMENT_TARGET = 11.4;
				MTL_ENABLE_DEBUG_INFO = NO;
				SDKROOT = iphoneos;
				VALIDATE_PRODUCT = YES;
			};
			name = Release;
		};
		202DFAF4214873C7003E4652 /* Debug */ = {
			isa = XCBuildConfiguration;
			buildSettings = {
				ASSETCATALOG_COMPILER_APPICON_NAME = AppIcon;
				CODE_SIGN_STYLE = Automatic;
				DEVELOPMENT_TEAM = 2XF9ZJU79J;
				INFOPLIST_FILE = "assignment-2/Info.plist";
				LD_RUNPATH_SEARCH_PATHS = (
					"$(inherited)",
					"@executable_path/Frameworks",
				);
				PRODUCT_BUNDLE_IDENTIFIER = "SMU.assignment-2";
				PRODUCT_NAME = "$(TARGET_NAME)";
				TARGETED_DEVICE_FAMILY = "1,2";
			};
			name = Debug;
		};
		202DFAF5214873C7003E4652 /* Release */ = {
			isa = XCBuildConfiguration;
			buildSettings = {
				ASSETCATALOG_COMPILER_APPICON_NAME = AppIcon;
				CODE_SIGN_STYLE = Automatic;
				DEVELOPMENT_TEAM = 2XF9ZJU79J;
				INFOPLIST_FILE = "assignment-2/Info.plist";
				LD_RUNPATH_SEARCH_PATHS = (
					"$(inherited)",
					"@executable_path/Frameworks",
				);
				PRODUCT_BUNDLE_IDENTIFIER = "SMU.assignment-2";
				PRODUCT_NAME = "$(TARGET_NAME)";
				TARGETED_DEVICE_FAMILY = "1,2";
			};
			name = Release;
		};
/* End XCBuildConfiguration section */

/* Begin XCConfigurationList section */
		202DFAD5214873C6003E4652 /* Build configuration list for PBXProject "assignment-2" */ = {
			isa = XCConfigurationList;
			buildConfigurations = (
				202DFAF1214873C7003E4652 /* Debug */,
				202DFAF2214873C7003E4652 /* Release */,
			);
			defaultConfigurationIsVisible = 0;
			defaultConfigurationName = Release;
		};
		202DFAF3214873C7003E4652 /* Build configuration list for PBXNativeTarget "assignment-2" */ = {
			isa = XCConfigurationList;
			buildConfigurations = (
				202DFAF4214873C7003E4652 /* Debug */,
				202DFAF5214873C7003E4652 /* Release */,
			);
			defaultConfigurationIsVisible = 0;
			defaultConfigurationName = Release;
		};
/* End XCConfigurationList section */

/* Begin XCVersionGroup section */
		202DFAE6214873C6003E4652 /* assignment_2.xcdatamodeld */ = {
			isa = XCVersionGroup;
			children = (
				202DFAE7214873C6003E4652 /* assignment_2.xcdatamodel */,
			);
			currentVersion = 202DFAE7214873C6003E4652 /* assignment_2.xcdatamodel */;
			path = assignment_2.xcdatamodeld;
			sourceTree = "<group>";
			versionGroupType = wrapper.xcdatamodel;
		};
/* End XCVersionGroup section */
	};
	rootObject = 202DFAD2214873C5003E4652 /* Project object */;
}
